
Microsoft Visual Studio Solution File, Format Version 12.00
# Visual Studio Version 17
VisualStudioVersion = 17.10.34928.147
MinimumVisualStudioVersion = 10.0.40219.1
Project("{FAE04EC0-301F-11D3-BF4B-00C04F79EFBC}") = "looping_020724", "looping_020724.csproj", "{4F2ED26E-8F42-416A-A67F-77D16F9B7528}"
EndProject
Global
	GlobalSection(SolutionConfigurationPlatforms) = preSolution
		Debug|Any CPU = Debug|Any CPU
		Release|Any CPU = Release|Any CPU
	EndGlobalSection
	GlobalSection(ProjectConfigurationPlatforms) = postSolution
		{4F2ED26E-8F42-416A-A67F-77D16F9B7528}.Debug|Any CPU.ActiveCfg = Debug|Any CPU
		{4F2ED26E-8F42-416A-A67F-77D16F9B7528}.Debug|Any CPU.Build.0 = Debug|Any CPU
		{4F2ED26E-8F42-416A-A67F-77D16F9B7528}.Release|Any CPU.ActiveCfg = Release|Any CPU
		{4F2ED26E-8F42-416A-A67F-77D16F9B7528}.Release|Any CPU.Build.0 = Release|Any CPU
	EndGlobalSection
	GlobalSection(SolutionProperties) = preSolution
		HideSolutionNode = FALSE
	EndGlobalSection
	GlobalSection(ExtensibilityGlobals) = postSolution
		SolutionGuid = {9AD530A4-E97D-4C2D-9C2A-04253B495307}
	EndGlobalSection
EndGlobal
